
Microsoft Visual Studio Solution File, Format Version 12.00
# Visual Studio Version 16
VisualStudioVersion = 16.0.28714.193
MinimumVisualStudioVersion = 10.0.40219.1
Project("{2150E333-8FDC-42A3-9474-1A3956D46DE8}") = "SolutionItems", "SolutionItems", "{4D37247A-2FC3-4EDA-A6C4-668A7AA67B8F}"
	ProjectSection(SolutionItems) = preProject
		.editorconfig = .editorconfig
		..\.gitignore = ..\.gitignore
		azure-pipelines.yaml = azure-pipelines.yaml
		..\CHANGELOG.md = ..\CHANGELOG.md
		..\LATEST_CHANGE.md = ..\LATEST_CHANGE.md
		..\README.md = ..\README.md
	EndProjectSection
EndProject
Project("{2150E333-8FDC-42A3-9474-1A3956D46DE8}") = "Tests", "Tests", "{17AFFCE7-6EA4-4036-9885-4448FC315C57}"
EndProject
Project("{9A19103F-16F7-4668-BE54-9A1E7A4F7556}") = "CouchDB.Driver", "CouchDB.Driver\CouchDB.Driver.csproj", "{E5FECE8E-AC0A-4591-8B08-5D5D0016022A}"
EndProject
Project("{9A19103F-16F7-4668-BE54-9A1E7A4F7556}") = "CouchDB.Driver.UnitTests", "..\tests\CouchDB.Driver.UnitTests\CouchDB.Driver.UnitTests.csproj", "{1B136529-B659-49B3-9974-11C6D43CC9A0}"
EndProject
Project("{9A19103F-16F7-4668-BE54-9A1E7A4F7556}") = "CouchDB.Driver.E2ETests", "..\tests\CouchDB.Driver.E2ETests\CouchDB.Driver.E2ETests.csproj", "{F382E261-4BFD-4F99-90FB-1DC23B93FB80}"
EndProject
Project("{FAE04EC0-301F-11D3-BF4B-00C04F79EFBC}") = "CouchDB.Driver.DependencyInjection", "CouchDB.Driver.DependencyInjection\CouchDB.Driver.DependencyInjection.csproj", "{0E141FCF-9EF4-4F33-A050-07E869AF816A}"
EndProject
Project("{FAE04EC0-301F-11D3-BF4B-00C04F79EFBC}") = "CouchDB.Driver.Example", "CouchDB.Driver.Example\CouchDB.Driver.Example.csproj", "{38ED2F22-B238-469F-9136-C384D9A7FFEB}"
EndProject
Global
	GlobalSection(SolutionConfigurationPlatforms) = preSolution
		Debug|Any CPU = Debug|Any CPU
		Release|Any CPU = Release|Any CPU
	EndGlobalSection
	GlobalSection(ProjectConfigurationPlatforms) = postSolution
		{E5FECE8E-AC0A-4591-8B08-5D5D0016022A}.Debug|Any CPU.ActiveCfg = Debug|Any CPU
		{E5FECE8E-AC0A-4591-8B08-5D5D0016022A}.Debug|Any CPU.Build.0 = Debug|Any CPU
		{E5FECE8E-AC0A-4591-8B08-5D5D0016022A}.Release|Any CPU.ActiveCfg = Release|Any CPU
		{E5FECE8E-AC0A-4591-8B08-5D5D0016022A}.Release|Any CPU.Build.0 = Release|Any CPU
		{1B136529-B659-49B3-9974-11C6D43CC9A0}.Debug|Any CPU.ActiveCfg = Debug|Any CPU
		{1B136529-B659-49B3-9974-11C6D43CC9A0}.Debug|Any CPU.Build.0 = Debug|Any CPU
		{1B136529-B659-49B3-9974-11C6D43CC9A0}.Release|Any CPU.ActiveCfg = Release|Any CPU
		{1B136529-B659-49B3-9974-11C6D43CC9A0}.Release|Any CPU.Build.0 = Release|Any CPU
		{F382E261-4BFD-4F99-90FB-1DC23B93FB80}.Debug|Any CPU.ActiveCfg = Debug|Any CPU
		{F382E261-4BFD-4F99-90FB-1DC23B93FB80}.Debug|Any CPU.Build.0 = Debug|Any CPU
		{F382E261-4BFD-4F99-90FB-1DC23B93FB80}.Release|Any CPU.ActiveCfg = Release|Any CPU
		{F382E261-4BFD-4F99-90FB-1DC23B93FB80}.Release|Any CPU.Build.0 = Release|Any CPU
		{0E141FCF-9EF4-4F33-A050-07E869AF816A}.Debug|Any CPU.ActiveCfg = Debug|Any CPU
		{0E141FCF-9EF4-4F33-A050-07E869AF816A}.Debug|Any CPU.Build.0 = Debug|Any CPU
		{0E141FCF-9EF4-4F33-A050-07E869AF816A}.Release|Any CPU.ActiveCfg = Release|Any CPU
		{0E141FCF-9EF4-4F33-A050-07E869AF816A}.Release|Any CPU.Build.0 = Release|Any CPU
		{38ED2F22-B238-469F-9136-C384D9A7FFEB}.Debug|Any CPU.ActiveCfg = Debug|Any CPU
		{38ED2F22-B238-469F-9136-C384D9A7FFEB}.Debug|Any CPU.Build.0 = Debug|Any CPU
		{38ED2F22-B238-469F-9136-C384D9A7FFEB}.Release|Any CPU.ActiveCfg = Release|Any CPU
		{38ED2F22-B238-469F-9136-C384D9A7FFEB}.Release|Any CPU.Build.0 = Release|Any CPU
	EndGlobalSection
	GlobalSection(SolutionProperties) = preSolution
		HideSolutionNode = FALSE
	EndGlobalSection
	GlobalSection(NestedProjects) = preSolution
		{1B136529-B659-49B3-9974-11C6D43CC9A0} = {17AFFCE7-6EA4-4036-9885-4448FC315C57}
		{F382E261-4BFD-4F99-90FB-1DC23B93FB80} = {17AFFCE7-6EA4-4036-9885-4448FC315C57}
		{38ED2F22-B238-469F-9136-C384D9A7FFEB} = {17AFFCE7-6EA4-4036-9885-4448FC315C57}
	EndGlobalSection
	GlobalSection(ExtensibilityGlobals) = postSolution
		SolutionGuid = {B6B9CD2D-85AC-498B-9ED4-38F20AC234C5}
	EndGlobalSection
EndGlobal
