
Microsoft Visual Studio Solution File, Format Version 12.00
# Visual Studio 15
VisualStudioVersion = 15.0.27703.2035
MinimumVisualStudioVersion = 10.0.40219.1
Project("{9A19103F-16F7-4668-BE54-9A1E7A4F7556}") = "CouchDB.Client", "CouchDB.Client\CouchDB.Client.csproj", "{B3700668-9B25-4351-BEBC-2058711E2648}"
EndProject
Project("{2150E333-8FDC-42A3-9474-1A3956D46DE8}") = "SolutionItems", "SolutionItems", "{4D37247A-2FC3-4EDA-A6C4-668A7AA67B8F}"
	ProjectSection(SolutionItems) = preProject
		..\README.md = ..\README.md
	EndProjectSection
EndProject
Project("{FAE04EC0-301F-11D3-BF4B-00C04F79EFBC}") = "CouchDB.Client.Tests", "CouchDB.Client.Tests\CouchDB.Client.Tests.csproj", "{D27ADAE7-B22F-4FAF-A042-6437820DB252}"
EndProject
Global
	GlobalSection(SolutionConfigurationPlatforms) = preSolution
		Debug|Any CPU = Debug|Any CPU
		Release|Any CPU = Release|Any CPU
	EndGlobalSection
	GlobalSection(ProjectConfigurationPlatforms) = postSolution
		{B3700668-9B25-4351-BEBC-2058711E2648}.Debug|Any CPU.ActiveCfg = Debug|Any CPU
		{B3700668-9B25-4351-BEBC-2058711E2648}.Debug|Any CPU.Build.0 = Debug|Any CPU
		{B3700668-9B25-4351-BEBC-2058711E2648}.Release|Any CPU.ActiveCfg = Release|Any CPU
		{B3700668-9B25-4351-BEBC-2058711E2648}.Release|Any CPU.Build.0 = Release|Any CPU
		{D27ADAE7-B22F-4FAF-A042-6437820DB252}.Debug|Any CPU.ActiveCfg = Debug|Any CPU
		{D27ADAE7-B22F-4FAF-A042-6437820DB252}.Debug|Any CPU.Build.0 = Debug|Any CPU
		{D27ADAE7-B22F-4FAF-A042-6437820DB252}.Release|Any CPU.ActiveCfg = Release|Any CPU
		{D27ADAE7-B22F-4FAF-A042-6437820DB252}.Release|Any CPU.Build.0 = Release|Any CPU
	EndGlobalSection
	GlobalSection(SolutionProperties) = preSolution
		HideSolutionNode = FALSE
	EndGlobalSection
	GlobalSection(ExtensibilityGlobals) = postSolution
		SolutionGuid = {B6B9CD2D-85AC-498B-9ED4-38F20AC234C5}
	EndGlobalSection
EndGlobal
